
Microsoft Visual Studio Solution File, Format Version 12.00
# Visual Studio Version 17
VisualStudioVersion = 17.13.35825.156 d17.13
MinimumVisualStudioVersion = 10.0.40219.1
Project("{FAE04EC0-301F-11D3-BF4B-00C04F79EFBC}") = "AstroPlay", "AstroPlay\AstroPlay.csproj", "{AF8F114E-2FD9-4906-A359-F76DBCD8A903}"
EndProject
Global
	GlobalSection(SolutionConfigurationPlatforms) = preSolution
		Debug|Any CPU = Debug|Any CPU
		Release|Any CPU = Release|Any CPU
	EndGlobalSection
	GlobalSection(ProjectConfigurationPlatforms) = postSolution
		{AF8F114E-2FD9-4906-A359-F76DBCD8A903}.Debug|Any CPU.ActiveCfg = Debug|Any CPU
		{AF8F114E-2FD9-4906-A359-F76DBCD8A903}.Debug|Any CPU.Build.0 = Debug|Any CPU
		{AF8F114E-2FD9-4906-A359-F76DBCD8A903}.Release|Any CPU.ActiveCfg = Release|Any CPU
		{AF8F114E-2FD9-4906-A359-F76DBCD8A903}.Release|Any CPU.Build.0 = Release|Any CPU
	EndGlobalSection
	GlobalSection(SolutionProperties) = preSolution
		HideSolutionNode = FALSE
	EndGlobalSection
	GlobalSection(ExtensibilityGlobals) = postSolution
		SolutionGuid = {A04F3F00-97B4-47CA-8388-D23C3B6E8842}
	EndGlobalSection
EndGlobal
